// !$*UTF8*$!
{
	archiveVersion = 1;
	classes = {
	};
	objectVersion = 50;
	objects = {

/* Begin PBXBuildFile section */
		42D2C6F42557F81C00BEFF0D /* AppDelegate.swift in Sources */ = {isa = PBXBuildFile; fileRef = 42D2C6F32557F81C00BEFF0D /* AppDelegate.swift */; };
		42D2C6F62557F81C00BEFF0D /* SceneDelegate.swift in Sources */ = {isa = PBXBuildFile; fileRef = 42D2C6F52557F81C00BEFF0D /* SceneDelegate.swift */; };
		42D2C6F82557F81C00BEFF0D /* LibraryViewController.swift in Sources */ = {isa = PBXBuildFile; fileRef = 42D2C6F72557F81C00BEFF0D /* LibraryViewController.swift */; };
		42D2C6FB2557F81C00BEFF0D /* Main.storyboard in Resources */ = {isa = PBXBuildFile; fileRef = 42D2C6F92557F81C00BEFF0D /* Main.storyboard */; };
		42D2C6FD2557F81D00BEFF0D /* Assets.xcassets in Resources */ = {isa = PBXBuildFile; fileRef = 42D2C6FC2557F81D00BEFF0D /* Assets.xcassets */; };
		42D2C7002557F81D00BEFF0D /* LaunchScreen.storyboard in Resources */ = {isa = PBXBuildFile; fileRef = 42D2C6FE2557F81D00BEFF0D /* LaunchScreen.storyboard */; };
		42D2C7092557F85600BEFF0D /* .gitignore in Resources */ = {isa = PBXBuildFile; fileRef = 42D2C7082557F85600BEFF0D /* .gitignore */; };
		42D2C70D2557FB3000BEFF0D /* MainTabBarController.swift in Sources */ = {isa = PBXBuildFile; fileRef = 42D2C70C2557FB3000BEFF0D /* MainTabBarController.swift */; };
		42D2C7182558040400BEFF0D /* SearchViewController.swift in Sources */ = {isa = PBXBuildFile; fileRef = 42D2C7172558040400BEFF0D /* SearchViewController.swift */; };
		42D2C71E25580DB900BEFF0D /* Descriptions.swift in Sources */ = {isa = PBXBuildFile; fileRef = 42D2C71D25580DB900BEFF0D /* Descriptions.swift */; };
		42D2C72325580F1100BEFF0D /* ExtensionColors.swift in Sources */ = {isa = PBXBuildFile; fileRef = 42D2C72225580F1100BEFF0D /* ExtensionColors.swift */; };
		42D2C7272558109600BEFF0D /* ExtensionImages.swift in Sources */ = {isa = PBXBuildFile; fileRef = 42D2C7262558109600BEFF0D /* ExtensionImages.swift */; };
		42EF0FAF25584D5B0041DDFA /* Extensions.swift in Sources */ = {isa = PBXBuildFile; fileRef = 42EF0FAE25584D5B0041DDFA /* Extensions.swift */; };
		42EF0FB72558503B0041DDFA /* LibraryTableViewCell.swift in Sources */ = {isa = PBXBuildFile; fileRef = 42EF0FB52558503B0041DDFA /* LibraryTableViewCell.swift */; };
		42EF0FB82558503B0041DDFA /* LibraryTableViewCell.xib in Resources */ = {isa = PBXBuildFile; fileRef = 42EF0FB62558503B0041DDFA /* LibraryTableViewCell.xib */; };
		42EF0FBE255852CF0041DDFA /* Tracks.swift in Sources */ = {isa = PBXBuildFile; fileRef = 42EF0FBD255852CF0041DDFA /* Tracks.swift */; };
/* End PBXBuildFile section */

/* Begin PBXFileReference section */
		42D2C6F02557F81C00BEFF0D /* AppleMusic.app */ = {isa = PBXFileReference; explicitFileType = wrapper.application; includeInIndex = 0; path = AppleMusic.app; sourceTree = BUILT_PRODUCTS_DIR; };
		42D2C6F32557F81C00BEFF0D /* AppDelegate.swift */ = {isa = PBXFileReference; lastKnownFileType = sourcecode.swift; path = AppDelegate.swift; sourceTree = "<group>"; };
		42D2C6F52557F81C00BEFF0D /* SceneDelegate.swift */ = {isa = PBXFileReference; lastKnownFileType = sourcecode.swift; path = SceneDelegate.swift; sourceTree = "<group>"; };
		42D2C6F72557F81C00BEFF0D /* LibraryViewController.swift */ = {isa = PBXFileReference; lastKnownFileType = sourcecode.swift; path = LibraryViewController.swift; sourceTree = "<group>"; };
		42D2C6FA2557F81C00BEFF0D /* Base */ = {isa = PBXFileReference; lastKnownFileType = file.storyboard; name = Base; path = Base.lproj/Main.storyboard; sourceTree = "<group>"; };
		42D2C6FC2557F81D00BEFF0D /* Assets.xcassets */ = {isa = PBXFileReference; lastKnownFileType = folder.assetcatalog; path = Assets.xcassets; sourceTree = "<group>"; };
		42D2C6FF2557F81D00BEFF0D /* Base */ = {isa = PBXFileReference; lastKnownFileType = file.storyboard; name = Base; path = Base.lproj/LaunchScreen.storyboard; sourceTree = "<group>"; };
		42D2C7012557F81D00BEFF0D /* Info.plist */ = {isa = PBXFileReference; lastKnownFileType = text.plist.xml; path = Info.plist; sourceTree = "<group>"; };
		42D2C7082557F85600BEFF0D /* .gitignore */ = {isa = PBXFileReference; lastKnownFileType = text; path = .gitignore; sourceTree = "<group>"; };
		42D2C70C2557FB3000BEFF0D /* MainTabBarController.swift */ = {isa = PBXFileReference; lastKnownFileType = sourcecode.swift; path = MainTabBarController.swift; sourceTree = "<group>"; };
		42D2C7172558040400BEFF0D /* SearchViewController.swift */ = {isa = PBXFileReference; lastKnownFileType = sourcecode.swift; path = SearchViewController.swift; sourceTree = "<group>"; };
		42D2C71D25580DB900BEFF0D /* Descriptions.swift */ = {isa = PBXFileReference; lastKnownFileType = sourcecode.swift; path = Descriptions.swift; sourceTree = "<group>"; };
		42D2C72225580F1100BEFF0D /* ExtensionColors.swift */ = {isa = PBXFileReference; lastKnownFileType = sourcecode.swift; path = ExtensionColors.swift; sourceTree = "<group>"; };
		42D2C7262558109600BEFF0D /* ExtensionImages.swift */ = {isa = PBXFileReference; lastKnownFileType = sourcecode.swift; path = ExtensionImages.swift; sourceTree = "<group>"; };
		42EF0FAE25584D5B0041DDFA /* Extensions.swift */ = {isa = PBXFileReference; lastKnownFileType = sourcecode.swift; path = Extensions.swift; sourceTree = "<group>"; };
		42EF0FB52558503B0041DDFA /* LibraryTableViewCell.swift */ = {isa = PBXFileReference; lastKnownFileType = sourcecode.swift; path = LibraryTableViewCell.swift; sourceTree = "<group>"; };
		42EF0FB62558503B0041DDFA /* LibraryTableViewCell.xib */ = {isa = PBXFileReference; lastKnownFileType = file.xib; path = LibraryTableViewCell.xib; sourceTree = "<group>"; };
		42EF0FBD255852CF0041DDFA /* Tracks.swift */ = {isa = PBXFileReference; lastKnownFileType = sourcecode.swift; path = Tracks.swift; sourceTree = "<group>"; };
/* End PBXFileReference section */

/* Begin PBXFrameworksBuildPhase section */
		42D2C6ED2557F81C00BEFF0D /* Frameworks */ = {
			isa = PBXFrameworksBuildPhase;
			buildActionMask = 2147483647;
			files = (
			);
			runOnlyForDeploymentPostprocessing = 0;
		};
/* End PBXFrameworksBuildPhase section */

/* Begin PBXGroup section */
		42D2C6E72557F81C00BEFF0D = {
			isa = PBXGroup;
			children = (
				42D2C6F22557F81C00BEFF0D /* AppleMusic */,
				42D2C6F12557F81C00BEFF0D /* Products */,
			);
			sourceTree = "<group>";
		};
		42D2C6F12557F81C00BEFF0D /* Products */ = {
			isa = PBXGroup;
			children = (
				42D2C6F02557F81C00BEFF0D /* AppleMusic.app */,
			);
			name = Products;
			sourceTree = "<group>";
		};
		42D2C6F22557F81C00BEFF0D /* AppleMusic */ = {
			isa = PBXGroup;
			children = (
				42EF0FBC255852C00041DDFA /* Models */,
				42D2C71C25580D9300BEFF0D /* Extensions+Helper */,
				42D2C6F32557F81C00BEFF0D /* AppDelegate.swift */,
				42D2C6F52557F81C00BEFF0D /* SceneDelegate.swift */,
				42D2C715255803EA00BEFF0D /* Controllers */,
				42D2C6F92557F81C00BEFF0D /* Main.storyboard */,
				42D2C6FC2557F81D00BEFF0D /* Assets.xcassets */,
				42D2C6FE2557F81D00BEFF0D /* LaunchScreen.storyboard */,
				42D2C7012557F81D00BEFF0D /* Info.plist */,
				42D2C7082557F85600BEFF0D /* .gitignore */,
			);
			path = AppleMusic;
			sourceTree = "<group>";
		};
		42D2C715255803EA00BEFF0D /* Controllers */ = {
			isa = PBXGroup;
			children = (
				42EF0FBA2558528F0041DDFA /* Cells */,
				42D2C70C2557FB3000BEFF0D /* MainTabBarController.swift */,
				42D2C7172558040400BEFF0D /* SearchViewController.swift */,
				42D2C6F72557F81C00BEFF0D /* LibraryViewController.swift */,
			);
			path = Controllers;
			sourceTree = "<group>";
		};
		42D2C71C25580D9300BEFF0D /* Extensions+Helper */ = {
			isa = PBXGroup;
			children = (
				42D2C71D25580DB900BEFF0D /* Descriptions.swift */,
				42D2C72225580F1100BEFF0D /* ExtensionColors.swift */,
				42D2C7262558109600BEFF0D /* ExtensionImages.swift */,
				42EF0FAE25584D5B0041DDFA /* Extensions.swift */,
			);
			path = "Extensions+Helper";
			sourceTree = "<group>";
		};
		42EF0FBA2558528F0041DDFA /* Cells */ = {
			isa = PBXGroup;
			children = (
				42EF0FB52558503B0041DDFA /* LibraryTableViewCell.swift */,
				42EF0FB62558503B0041DDFA /* LibraryTableViewCell.xib */,
			);
			path = Cells;
			sourceTree = "<group>";
		};
		42EF0FBC255852C00041DDFA /* Models */ = {
			isa = PBXGroup;
			children = (
				42EF0FBD255852CF0041DDFA /* Tracks.swift */,
			);
			path = Models;
			sourceTree = "<group>";
		};
/* End PBXGroup section */

/* Begin PBXNativeTarget section */
		42D2C6EF2557F81C00BEFF0D /* AppleMusic */ = {
			isa = PBXNativeTarget;
			buildConfigurationList = 42D2C7042557F81D00BEFF0D /* Build configuration list for PBXNativeTarget "AppleMusic" */;
			buildPhases = (
				42D2C6EC2557F81C00BEFF0D /* Sources */,
				42D2C6ED2557F81C00BEFF0D /* Frameworks */,
				42D2C6EE2557F81C00BEFF0D /* Resources */,
			);
			buildRules = (
			);
			dependencies = (
			);
			name = AppleMusic;
			productName = AppleMusic;
			productReference = 42D2C6F02557F81C00BEFF0D /* AppleMusic.app */;
			productType = "com.apple.product-type.application";
		};
/* End PBXNativeTarget section */

/* Begin PBXProject section */
		42D2C6E82557F81C00BEFF0D /* Project object */ = {
			isa = PBXProject;
			attributes = {
				LastSwiftUpdateCheck = 1210;
				LastUpgradeCheck = 1210;
				TargetAttributes = {
					42D2C6EF2557F81C00BEFF0D = {
						CreatedOnToolsVersion = 12.1;
					};
				};
			};
			buildConfigurationList = 42D2C6EB2557F81C00BEFF0D /* Build configuration list for PBXProject "AppleMusic" */;
			compatibilityVersion = "Xcode 9.3";
			developmentRegion = en;
			hasScannedForEncodings = 0;
			knownRegions = (
				en,
				Base,
			);
			mainGroup = 42D2C6E72557F81C00BEFF0D;
			productRefGroup = 42D2C6F12557F81C00BEFF0D /* Products */;
			projectDirPath = "";
			projectRoot = "";
			targets = (
				42D2C6EF2557F81C00BEFF0D /* AppleMusic */,
			);
		};
/* End PBXProject section */

/* Begin PBXResourcesBuildPhase section */
		42D2C6EE2557F81C00BEFF0D /* Resources */ = {
			isa = PBXResourcesBuildPhase;
			buildActionMask = 2147483647;
			files = (
				42D2C7092557F85600BEFF0D /* .gitignore in Resources */,
				42D2C7002557F81D00BEFF0D /* LaunchScreen.storyboard in Resources */,
				42EF0FB82558503B0041DDFA /* LibraryTableViewCell.xib in Resources */,
				42D2C6FD2557F81D00BEFF0D /* Assets.xcassets in Resources */,
				42D2C6FB2557F81C00BEFF0D /* Main.storyboard in Resources */,
			);
			runOnlyForDeploymentPostprocessing = 0;
		};
/* End PBXResourcesBuildPhase section */

/* Begin PBXSourcesBuildPhase section */
		42D2C6EC2557F81C00BEFF0D /* Sources */ = {
			isa = PBXSourcesBuildPhase;
			buildActionMask = 2147483647;
			files = (
				42D2C7182558040400BEFF0D /* SearchViewController.swift in Sources */,
				42EF0FBE255852CF0041DDFA /* Tracks.swift in Sources */,
				42EF0FAF25584D5B0041DDFA /* Extensions.swift in Sources */,
				42D2C6F82557F81C00BEFF0D /* LibraryViewController.swift in Sources */,
				42D2C70D2557FB3000BEFF0D /* MainTabBarController.swift in Sources */,
				42D2C7272558109600BEFF0D /* ExtensionImages.swift in Sources */,
				42D2C6F42557F81C00BEFF0D /* AppDelegate.swift in Sources */,
				42D2C71E25580DB900BEFF0D /* Descriptions.swift in Sources */,
				42EF0FB72558503B0041DDFA /* LibraryTableViewCell.swift in Sources */,
				42D2C6F62557F81C00BEFF0D /* SceneDelegate.swift in Sources */,
				42D2C72325580F1100BEFF0D /* ExtensionColors.swift in Sources */,
			);
			runOnlyForDeploymentPostprocessing = 0;
		};
/* End PBXSourcesBuildPhase section */

/* Begin PBXVariantGroup section */
		42D2C6F92557F81C00BEFF0D /* Main.storyboard */ = {
			isa = PBXVariantGroup;
			children = (
				42D2C6FA2557F81C00BEFF0D /* Base */,
			);
			name = Main.storyboard;
			sourceTree = "<group>";
		};
		42D2C6FE2557F81D00BEFF0D /* LaunchScreen.storyboard */ = {
			isa = PBXVariantGroup;
			children = (
				42D2C6FF2557F81D00BEFF0D /* Base */,
			);
			name = LaunchScreen.storyboard;
			sourceTree = "<group>";
		};
/* End PBXVariantGroup section */

/* Begin XCBuildConfiguration section */
		42D2C7022557F81D00BEFF0D /* Debug */ = {
			isa = XCBuildConfiguration;
			buildSettings = {
				ALWAYS_SEARCH_USER_PATHS = NO;
				CLANG_ANALYZER_NONNULL = YES;
				CLANG_ANALYZER_NUMBER_OBJECT_CONVERSION = YES_AGGRESSIVE;
				CLANG_CXX_LANGUAGE_STANDARD = "gnu++14";
				CLANG_CXX_LIBRARY = "libc++";
				CLANG_ENABLE_MODULES = YES;
				CLANG_ENABLE_OBJC_ARC = YES;
				CLANG_ENABLE_OBJC_WEAK = YES;
				CLANG_WARN_BLOCK_CAPTURE_AUTORELEASING = YES;
				CLANG_WARN_BOOL_CONVERSION = YES;
				CLANG_WARN_COMMA = YES;
				CLANG_WARN_CONSTANT_CONVERSION = YES;
				CLANG_WARN_DEPRECATED_OBJC_IMPLEMENTATIONS = YES;
				CLANG_WARN_DIRECT_OBJC_ISA_USAGE = YES_ERROR;
				CLANG_WARN_DOCUMENTATION_COMMENTS = YES;
				CLANG_WARN_EMPTY_BODY = YES;
				CLANG_WARN_ENUM_CONVERSION = YES;
				CLANG_WARN_INFINITE_RECURSION = YES;
				CLANG_WARN_INT_CONVERSION = YES;
				CLANG_WARN_NON_LITERAL_NULL_CONVERSION = YES;
				CLANG_WARN_OBJC_IMPLICIT_RETAIN_SELF = YES;
				CLANG_WARN_OBJC_LITERAL_CONVERSION = YES;
				CLANG_WARN_OBJC_ROOT_CLASS = YES_ERROR;
				CLANG_WARN_QUOTED_INCLUDE_IN_FRAMEWORK_HEADER = YES;
				CLANG_WARN_RANGE_LOOP_ANALYSIS = YES;
				CLANG_WARN_STRICT_PROTOTYPES = YES;
				CLANG_WARN_SUSPICIOUS_MOVE = YES;
				CLANG_WARN_UNGUARDED_AVAILABILITY = YES_AGGRESSIVE;
				CLANG_WARN_UNREACHABLE_CODE = YES;
				CLANG_WARN__DUPLICATE_METHOD_MATCH = YES;
				COPY_PHASE_STRIP = NO;
				DEBUG_INFORMATION_FORMAT = dwarf;
				ENABLE_STRICT_OBJC_MSGSEND = YES;
				ENABLE_TESTABILITY = YES;
				GCC_C_LANGUAGE_STANDARD = gnu11;
				GCC_DYNAMIC_NO_PIC = NO;
				GCC_NO_COMMON_BLOCKS = YES;
				GCC_OPTIMIZATION_LEVEL = 0;
				GCC_PREPROCESSOR_DEFINITIONS = (
					"DEBUG=1",
					"$(inherited)",
				);
				GCC_WARN_64_TO_32_BIT_CONVERSION = YES;
				GCC_WARN_ABOUT_RETURN_TYPE = YES_ERROR;
				GCC_WARN_UNDECLARED_SELECTOR = YES;
				GCC_WARN_UNINITIALIZED_AUTOS = YES_AGGRESSIVE;
				GCC_WARN_UNUSED_FUNCTION = YES;
				GCC_WARN_UNUSED_VARIABLE = YES;
				IPHONEOS_DEPLOYMENT_TARGET = 14.1;
				MTL_ENABLE_DEBUG_INFO = INCLUDE_SOURCE;
				MTL_FAST_MATH = YES;
				ONLY_ACTIVE_ARCH = YES;
				SDKROOT = iphoneos;
				SWIFT_ACTIVE_COMPILATION_CONDITIONS = DEBUG;
				SWIFT_OPTIMIZATION_LEVEL = "-Onone";
			};
			name = Debug;
		};
		42D2C7032557F81D00BEFF0D /* Release */ = {
			isa = XCBuildConfiguration;
			buildSettings = {
				ALWAYS_SEARCH_USER_PATHS = NO;
				CLANG_ANALYZER_NONNULL = YES;
				CLANG_ANALYZER_NUMBER_OBJECT_CONVERSION = YES_AGGRESSIVE;
				CLANG_CXX_LANGUAGE_STANDARD = "gnu++14";
				CLANG_CXX_LIBRARY = "libc++";
				CLANG_ENABLE_MODULES = YES;
				CLANG_ENABLE_OBJC_ARC = YES;
				CLANG_ENABLE_OBJC_WEAK = YES;
				CLANG_WARN_BLOCK_CAPTURE_AUTORELEASING = YES;
				CLANG_WARN_BOOL_CONVERSION = YES;
				CLANG_WARN_COMMA = YES;
				CLANG_WARN_CONSTANT_CONVERSION = YES;
				CLANG_WARN_DEPRECATED_OBJC_IMPLEMENTATIONS = YES;
				CLANG_WARN_DIRECT_OBJC_ISA_USAGE = YES_ERROR;
				CLANG_WARN_DOCUMENTATION_COMMENTS = YES;
				CLANG_WARN_EMPTY_BODY = YES;
				CLANG_WARN_ENUM_CONVERSION = YES;
				CLANG_WARN_INFINITE_RECURSION = YES;
				CLANG_WARN_INT_CONVERSION = YES;
				CLANG_WARN_NON_LITERAL_NULL_CONVERSION = YES;
				CLANG_WARN_OBJC_IMPLICIT_RETAIN_SELF = YES;
				CLANG_WARN_OBJC_LITERAL_CONVERSION = YES;
				CLANG_WARN_OBJC_ROOT_CLASS = YES_ERROR;
				CLANG_WARN_QUOTED_INCLUDE_IN_FRAMEWORK_HEADER = YES;
				CLANG_WARN_RANGE_LOOP_ANALYSIS = YES;
				CLANG_WARN_STRICT_PROTOTYPES = YES;
				CLANG_WARN_SUSPICIOUS_MOVE = YES;
				CLANG_WARN_UNGUARDED_AVAILABILITY = YES_AGGRESSIVE;
				CLANG_WARN_UNREACHABLE_CODE = YES;
				CLANG_WARN__DUPLICATE_METHOD_MATCH = YES;
				COPY_PHASE_STRIP = NO;
				DEBUG_INFORMATION_FORMAT = "dwarf-with-dsym";
				ENABLE_NS_ASSERTIONS = NO;
				ENABLE_STRICT_OBJC_MSGSEND = YES;
				GCC_C_LANGUAGE_STANDARD = gnu11;
				GCC_NO_COMMON_BLOCKS = YES;
				GCC_WARN_64_TO_32_BIT_CONVERSION = YES;
				GCC_WARN_ABOUT_RETURN_TYPE = YES_ERROR;
				GCC_WARN_UNDECLARED_SELECTOR = YES;
				GCC_WARN_UNINITIALIZED_AUTOS = YES_AGGRESSIVE;
				GCC_WARN_UNUSED_FUNCTION = YES;
				GCC_WARN_UNUSED_VARIABLE = YES;
				IPHONEOS_DEPLOYMENT_TARGET = 14.1;
				MTL_ENABLE_DEBUG_INFO = NO;
				MTL_FAST_MATH = YES;
				SDKROOT = iphoneos;
				SWIFT_COMPILATION_MODE = wholemodule;
				SWIFT_OPTIMIZATION_LEVEL = "-O";
				VALIDATE_PRODUCT = YES;
			};
			name = Release;
		};
		42D2C7052557F81D00BEFF0D /* Debug */ = {
			isa = XCBuildConfiguration;
			buildSettings = {
				ASSETCATALOG_COMPILER_APPICON_NAME = AppIcon;
				ASSETCATALOG_COMPILER_GLOBAL_ACCENT_COLOR_NAME = AccentColor;
				CODE_SIGN_STYLE = Automatic;
				DEVELOPMENT_TEAM = MX627F9AXS;
				INFOPLIST_FILE = AppleMusic/Info.plist;
				IPHONEOS_DEPLOYMENT_TARGET = 14.1;
				LD_RUNPATH_SEARCH_PATHS = (
					"$(inherited)",
					"@executable_path/Frameworks",
				);
				PRODUCT_BUNDLE_IDENTIFIER = com.rusellkh87.AppleMusic;
				PRODUCT_NAME = "$(TARGET_NAME)";
				SWIFT_VERSION = 5.0;
				TARGETED_DEVICE_FAMILY = 1;
			};
			name = Debug;
		};
		42D2C7062557F81D00BEFF0D /* Release */ = {
			isa = XCBuildConfiguration;
			buildSettings = {
				ASSETCATALOG_COMPILER_APPICON_NAME = AppIcon;
				ASSETCATALOG_COMPILER_GLOBAL_ACCENT_COLOR_NAME = AccentColor;
				CODE_SIGN_STYLE = Automatic;
				DEVELOPMENT_TEAM = MX627F9AXS;
				INFOPLIST_FILE = AppleMusic/Info.plist;
				IPHONEOS_DEPLOYMENT_TARGET = 14.1;
				LD_RUNPATH_SEARCH_PATHS = (
					"$(inherited)",
					"@executable_path/Frameworks",
				);
				PRODUCT_BUNDLE_IDENTIFIER = com.rusellkh87.AppleMusic;
				PRODUCT_NAME = "$(TARGET_NAME)";
				SWIFT_VERSION = 5.0;
				TARGETED_DEVICE_FAMILY = 1;
			};
			name = Release;
		};
/* End XCBuildConfiguration section */

/* Begin XCConfigurationList section */
		42D2C6EB2557F81C00BEFF0D /* Build configuration list for PBXProject "AppleMusic" */ = {
			isa = XCConfigurationList;
			buildConfigurations = (
				42D2C7022557F81D00BEFF0D /* Debug */,
				42D2C7032557F81D00BEFF0D /* Release */,
			);
			defaultConfigurationIsVisible = 0;
			defaultConfigurationName = Release;
		};
		42D2C7042557F81D00BEFF0D /* Build configuration list for PBXNativeTarget "AppleMusic" */ = {
			isa = XCConfigurationList;
			buildConfigurations = (
				42D2C7052557F81D00BEFF0D /* Debug */,
				42D2C7062557F81D00BEFF0D /* Release */,
			);
			defaultConfigurationIsVisible = 0;
			defaultConfigurationName = Release;
		};
/* End XCConfigurationList section */
	};
	rootObject = 42D2C6E82557F81C00BEFF0D /* Project object */;
}
